
Microsoft Visual Studio Solution File, Format Version 12.00
Project("{FAE04EC0-301F-11D3-BF4B-00C04F79EFBC}") = "ObjectExample", "ObjectExample\ObjectExample.csproj", "{3BC7675E-11F7-49AF-AD9A-564AE1643BCF}"
EndProject
Global
	GlobalSection(SolutionConfigurationPlatforms) = preSolution
		Debug|Any CPU = Debug|Any CPU
		Release|Any CPU = Release|Any CPU
	EndGlobalSection
	GlobalSection(ProjectConfigurationPlatforms) = postSolution
		{3BC7675E-11F7-49AF-AD9A-564AE1643BCF}.Debug|Any CPU.ActiveCfg = Debug|Any CPU
		{3BC7675E-11F7-49AF-AD9A-564AE1643BCF}.Debug|Any CPU.Build.0 = Debug|Any CPU
		{3BC7675E-11F7-49AF-AD9A-564AE1643BCF}.Release|Any CPU.ActiveCfg = Release|Any CPU
		{3BC7675E-11F7-49AF-AD9A-564AE1643BCF}.Release|Any CPU.Build.0 = Release|Any CPU
	EndGlobalSection
EndGlobal
